
Microsoft Visual Studio Solution File, Format Version 12.00
# Visual Studio Version 17
VisualStudioVersion = 17.4.33213.308
MinimumVisualStudioVersion = 10.0.40219.1
Project("{9A19103F-16F7-4668-BE54-9A1E7A4F7556}") = "Mindr.WebUI", "Mindr.WebUI\Mindr.WebUI.csproj", "{46DF87EA-E600-4587-843D-A09DD5590207}"
EndProject
Project("{9A19103F-16F7-4668-BE54-9A1E7A4F7556}") = "Mindr.Core.Tests", "Mindr.Core.Tests\Mindr.Core.Tests.csproj", "{3E854FED-974A-4367-8EA8-A046A3B3B527}"
EndProject
Project("{9A19103F-16F7-4668-BE54-9A1E7A4F7556}") = "Mindr.Core", "Mindr.Core\Mindr.Core.csproj", "{0CD46E5C-FAF2-4299-AE3D-E5DD25A97717}"
EndProject
Project("{9A19103F-16F7-4668-BE54-9A1E7A4F7556}") = "Mindr.API", "Mindr.Api\Mindr.API.csproj", "{F853F23D-FCA7-48F1-B180-E289A4C558F2}"
EndProject
Global
	GlobalSection(SolutionConfigurationPlatforms) = preSolution
		Debug|Any CPU = Debug|Any CPU
		Release|Any CPU = Release|Any CPU
	EndGlobalSection
	GlobalSection(ProjectConfigurationPlatforms) = postSolution
		{46DF87EA-E600-4587-843D-A09DD5590207}.Debug|Any CPU.ActiveCfg = Debug|Any CPU
		{46DF87EA-E600-4587-843D-A09DD5590207}.Debug|Any CPU.Build.0 = Debug|Any CPU
		{46DF87EA-E600-4587-843D-A09DD5590207}.Release|Any CPU.ActiveCfg = Release|Any CPU
		{46DF87EA-E600-4587-843D-A09DD5590207}.Release|Any CPU.Build.0 = Release|Any CPU
		{3E854FED-974A-4367-8EA8-A046A3B3B527}.Debug|Any CPU.ActiveCfg = Debug|Any CPU
		{3E854FED-974A-4367-8EA8-A046A3B3B527}.Debug|Any CPU.Build.0 = Debug|Any CPU
		{3E854FED-974A-4367-8EA8-A046A3B3B527}.Release|Any CPU.ActiveCfg = Release|Any CPU
		{3E854FED-974A-4367-8EA8-A046A3B3B527}.Release|Any CPU.Build.0 = Release|Any CPU
		{0CD46E5C-FAF2-4299-AE3D-E5DD25A97717}.Debug|Any CPU.ActiveCfg = Debug|Any CPU
		{0CD46E5C-FAF2-4299-AE3D-E5DD25A97717}.Debug|Any CPU.Build.0 = Debug|Any CPU
		{0CD46E5C-FAF2-4299-AE3D-E5DD25A97717}.Release|Any CPU.ActiveCfg = Release|Any CPU
		{0CD46E5C-FAF2-4299-AE3D-E5DD25A97717}.Release|Any CPU.Build.0 = Release|Any CPU
		{F853F23D-FCA7-48F1-B180-E289A4C558F2}.Debug|Any CPU.ActiveCfg = Debug|Any CPU
		{F853F23D-FCA7-48F1-B180-E289A4C558F2}.Debug|Any CPU.Build.0 = Debug|Any CPU
		{F853F23D-FCA7-48F1-B180-E289A4C558F2}.Release|Any CPU.ActiveCfg = Release|Any CPU
		{F853F23D-FCA7-48F1-B180-E289A4C558F2}.Release|Any CPU.Build.0 = Release|Any CPU
	EndGlobalSection
	GlobalSection(SolutionProperties) = preSolution
		HideSolutionNode = FALSE
	EndGlobalSection
	GlobalSection(ExtensibilityGlobals) = postSolution
		SolutionGuid = {4BB63487-6931-4348-BFB3-F3AD2416FDEB}
	EndGlobalSection
EndGlobal
