
Microsoft Visual Studio Solution File, Format Version 12.00
# Visual Studio Version 17
VisualStudioVersion = 17.4.33213.308
MinimumVisualStudioVersion = 10.0.40219.1
Project("{9A19103F-16F7-4668-BE54-9A1E7A4F7556}") = "Mindr.Domain.HttpRunner", "Mindr.HttpRunner\Mindr.Domain.HttpRunner.csproj", "{4D30BA20-E352-43BF-A61C-FC652AD930EF}"
EndProject
Project("{9A19103F-16F7-4668-BE54-9A1E7A4F7556}") = "Mindr.Domain", "Mindr.Shared\Mindr.Domain.csproj", "{B8244931-4AE9-4FBC-9A1E-402217944A2C}"
EndProject
Project("{9A19103F-16F7-4668-BE54-9A1E7A4F7556}") = "Mindr.Api", "Mindr.Api\Mindr.Api.csproj", "{DF305BF4-92F5-45EF-AB04-6B0896E36D47}"
EndProject
Project("{9A19103F-16F7-4668-BE54-9A1E7A4F7556}") = "Mindr.OIDC", "Dantooine\Dantooine.Server\Mindr.OIDC.csproj", "{EFFCD38F-02F1-4EE9-9A61-BD6E577900B9}"
EndProject
Project("{9A19103F-16F7-4668-BE54-9A1E7A4F7556}") = "Mindr.WebAssembly.Client", "Dantooine\Dantooine.WebAssembly.Client\Mindr.WebAssembly.Client.csproj", "{41D5F021-262B-41EC-98B9-68CCB08281F9}"
EndProject
Project("{9A19103F-16F7-4668-BE54-9A1E7A4F7556}") = "Mindr.WebAssembly.Server", "Dantooine\Dantooine.WebAssembly.Server\Mindr.WebAssembly.Server.csproj", "{365B036E-234D-4595-BEF9-39C2640944D8}"
EndProject
Project("{9A19103F-16F7-4668-BE54-9A1E7A4F7556}") = "Mindr.WebAssembly.Shared", "Dantooine\Dantooine.WebAssembly.Shared\Mindr.WebAssembly.Shared.csproj", "{822A3215-A1F8-4A6A-807C-1C1CC56BDC66}"
EndProject
Project("{2150E333-8FDC-42A3-9474-1A3956D46DE8}") = "Website", "Website", "{7F7990B5-8170-4121-8881-2D0255193B04}"
EndProject
Project("{2150E333-8FDC-42A3-9474-1A3956D46DE8}") = "Domain", "Domain", "{1ECE283A-3E11-4A09-A002-D714B6A0EAFD}"
EndProject
Global
	GlobalSection(SolutionConfigurationPlatforms) = preSolution
		Debug|Any CPU = Debug|Any CPU
		Release|Any CPU = Release|Any CPU
	EndGlobalSection
	GlobalSection(ProjectConfigurationPlatforms) = postSolution
		{4D30BA20-E352-43BF-A61C-FC652AD930EF}.Debug|Any CPU.ActiveCfg = Debug|Any CPU
		{4D30BA20-E352-43BF-A61C-FC652AD930EF}.Debug|Any CPU.Build.0 = Debug|Any CPU
		{4D30BA20-E352-43BF-A61C-FC652AD930EF}.Release|Any CPU.ActiveCfg = Release|Any CPU
		{4D30BA20-E352-43BF-A61C-FC652AD930EF}.Release|Any CPU.Build.0 = Release|Any CPU
		{B8244931-4AE9-4FBC-9A1E-402217944A2C}.Debug|Any CPU.ActiveCfg = Debug|Any CPU
		{B8244931-4AE9-4FBC-9A1E-402217944A2C}.Debug|Any CPU.Build.0 = Debug|Any CPU
		{B8244931-4AE9-4FBC-9A1E-402217944A2C}.Release|Any CPU.ActiveCfg = Release|Any CPU
		{B8244931-4AE9-4FBC-9A1E-402217944A2C}.Release|Any CPU.Build.0 = Release|Any CPU
		{DF305BF4-92F5-45EF-AB04-6B0896E36D47}.Debug|Any CPU.ActiveCfg = Debug|Any CPU
		{DF305BF4-92F5-45EF-AB04-6B0896E36D47}.Debug|Any CPU.Build.0 = Debug|Any CPU
		{DF305BF4-92F5-45EF-AB04-6B0896E36D47}.Release|Any CPU.ActiveCfg = Release|Any CPU
		{DF305BF4-92F5-45EF-AB04-6B0896E36D47}.Release|Any CPU.Build.0 = Release|Any CPU
		{EFFCD38F-02F1-4EE9-9A61-BD6E577900B9}.Debug|Any CPU.ActiveCfg = Debug|Any CPU
		{EFFCD38F-02F1-4EE9-9A61-BD6E577900B9}.Debug|Any CPU.Build.0 = Debug|Any CPU
		{EFFCD38F-02F1-4EE9-9A61-BD6E577900B9}.Release|Any CPU.ActiveCfg = Release|Any CPU
		{EFFCD38F-02F1-4EE9-9A61-BD6E577900B9}.Release|Any CPU.Build.0 = Release|Any CPU
		{41D5F021-262B-41EC-98B9-68CCB08281F9}.Debug|Any CPU.ActiveCfg = Debug|Any CPU
		{41D5F021-262B-41EC-98B9-68CCB08281F9}.Debug|Any CPU.Build.0 = Debug|Any CPU
		{41D5F021-262B-41EC-98B9-68CCB08281F9}.Release|Any CPU.ActiveCfg = Release|Any CPU
		{41D5F021-262B-41EC-98B9-68CCB08281F9}.Release|Any CPU.Build.0 = Release|Any CPU
		{365B036E-234D-4595-BEF9-39C2640944D8}.Debug|Any CPU.ActiveCfg = Debug|Any CPU
		{365B036E-234D-4595-BEF9-39C2640944D8}.Debug|Any CPU.Build.0 = Debug|Any CPU
		{365B036E-234D-4595-BEF9-39C2640944D8}.Release|Any CPU.ActiveCfg = Release|Any CPU
		{365B036E-234D-4595-BEF9-39C2640944D8}.Release|Any CPU.Build.0 = Release|Any CPU
		{822A3215-A1F8-4A6A-807C-1C1CC56BDC66}.Debug|Any CPU.ActiveCfg = Debug|Any CPU
		{822A3215-A1F8-4A6A-807C-1C1CC56BDC66}.Debug|Any CPU.Build.0 = Debug|Any CPU
		{822A3215-A1F8-4A6A-807C-1C1CC56BDC66}.Release|Any CPU.ActiveCfg = Release|Any CPU
		{822A3215-A1F8-4A6A-807C-1C1CC56BDC66}.Release|Any CPU.Build.0 = Release|Any CPU
	EndGlobalSection
	GlobalSection(SolutionProperties) = preSolution
		HideSolutionNode = FALSE
	EndGlobalSection
	GlobalSection(NestedProjects) = preSolution
		{4D30BA20-E352-43BF-A61C-FC652AD930EF} = {1ECE283A-3E11-4A09-A002-D714B6A0EAFD}
		{B8244931-4AE9-4FBC-9A1E-402217944A2C} = {1ECE283A-3E11-4A09-A002-D714B6A0EAFD}
		{41D5F021-262B-41EC-98B9-68CCB08281F9} = {7F7990B5-8170-4121-8881-2D0255193B04}
		{365B036E-234D-4595-BEF9-39C2640944D8} = {7F7990B5-8170-4121-8881-2D0255193B04}
		{822A3215-A1F8-4A6A-807C-1C1CC56BDC66} = {7F7990B5-8170-4121-8881-2D0255193B04}
	EndGlobalSection
	GlobalSection(ExtensibilityGlobals) = postSolution
		SolutionGuid = {4BB63487-6931-4348-BFB3-F3AD2416FDEB}
	EndGlobalSection
EndGlobal
