
Microsoft Visual Studio Solution File, Format Version 12.00
# Visual Studio Version 17
VisualStudioVersion = 17.4.33213.308
MinimumVisualStudioVersion = 10.0.40219.1
Project("{9A19103F-16F7-4668-BE54-9A1E7A4F7556}") = "Mindr.Api", "Mindr.Api\Mindr.Api.csproj", "{DF305BF4-92F5-45EF-AB04-6B0896E36D47}"
EndProject
Project("{2150E333-8FDC-42A3-9474-1A3956D46DE8}") = "Website", "Website", "{7F7990B5-8170-4121-8881-2D0255193B04}"
EndProject
Project("{2150E333-8FDC-42A3-9474-1A3956D46DE8}") = "Domain", "Domain", "{1ECE283A-3E11-4A09-A002-D714B6A0EAFD}"
EndProject
Project("{9A19103F-16F7-4668-BE54-9A1E7A4F7556}") = "Mindr.OpenIDConnect", "Mindr.OpenIDConnect\Mindr.OpenIDConnect.csproj", "{9FFA477C-E9CB-4FAE-8D41-B612099B146C}"
EndProject
Project("{9A19103F-16F7-4668-BE54-9A1E7A4F7556}") = "Mindr.WebAssembly.Client", "Mindr.WebAssembly.Client\Mindr.WebAssembly.Client.csproj", "{A4108C38-F4D5-451C-8332-6DAB3FEB53AF}"
EndProject
Project("{9A19103F-16F7-4668-BE54-9A1E7A4F7556}") = "Mindr.WebAssembly.Server", "Mindr.WebAssembly.Server\Mindr.WebAssembly.Server.csproj", "{998EEA3A-F857-459D-B513-9A7275F00231}"
EndProject
Project("{9A19103F-16F7-4668-BE54-9A1E7A4F7556}") = "Mindr.Domain", "Mindr.Domain\Mindr.Domain.csproj", "{5B49724A-78CC-432B-9B70-1EA0145C21B9}"
EndProject
Project("{9A19103F-16F7-4668-BE54-9A1E7A4F7556}") = "Mindr.Domain.HttpRunner", "Mindr.Domain.HttpRunner\Mindr.Domain.HttpRunner.csproj", "{38902DBE-8C66-4CC8-B30A-6523A04D6F72}"
EndProject
Project("{9A19103F-16F7-4668-BE54-9A1E7A4F7556}") = "BlazorScheduler", "BlazorScheduler\BlazorScheduler.csproj", "{04D75CC2-D1F7-4BE8-8E7D-74078F048457}"
EndProject
Global
	GlobalSection(SolutionConfigurationPlatforms) = preSolution
		Debug|Any CPU = Debug|Any CPU
		Release|Any CPU = Release|Any CPU
	EndGlobalSection
	GlobalSection(ProjectConfigurationPlatforms) = postSolution
		{DF305BF4-92F5-45EF-AB04-6B0896E36D47}.Debug|Any CPU.ActiveCfg = Debug|Any CPU
		{DF305BF4-92F5-45EF-AB04-6B0896E36D47}.Debug|Any CPU.Build.0 = Debug|Any CPU
		{DF305BF4-92F5-45EF-AB04-6B0896E36D47}.Release|Any CPU.ActiveCfg = Release|Any CPU
		{DF305BF4-92F5-45EF-AB04-6B0896E36D47}.Release|Any CPU.Build.0 = Release|Any CPU
		{9FFA477C-E9CB-4FAE-8D41-B612099B146C}.Debug|Any CPU.ActiveCfg = Debug|Any CPU
		{9FFA477C-E9CB-4FAE-8D41-B612099B146C}.Debug|Any CPU.Build.0 = Debug|Any CPU
		{9FFA477C-E9CB-4FAE-8D41-B612099B146C}.Release|Any CPU.ActiveCfg = Release|Any CPU
		{9FFA477C-E9CB-4FAE-8D41-B612099B146C}.Release|Any CPU.Build.0 = Release|Any CPU
		{A4108C38-F4D5-451C-8332-6DAB3FEB53AF}.Debug|Any CPU.ActiveCfg = Debug|Any CPU
		{A4108C38-F4D5-451C-8332-6DAB3FEB53AF}.Debug|Any CPU.Build.0 = Debug|Any CPU
		{A4108C38-F4D5-451C-8332-6DAB3FEB53AF}.Release|Any CPU.ActiveCfg = Release|Any CPU
		{A4108C38-F4D5-451C-8332-6DAB3FEB53AF}.Release|Any CPU.Build.0 = Release|Any CPU
		{998EEA3A-F857-459D-B513-9A7275F00231}.Debug|Any CPU.ActiveCfg = Debug|Any CPU
		{998EEA3A-F857-459D-B513-9A7275F00231}.Debug|Any CPU.Build.0 = Debug|Any CPU
		{998EEA3A-F857-459D-B513-9A7275F00231}.Release|Any CPU.ActiveCfg = Release|Any CPU
		{998EEA3A-F857-459D-B513-9A7275F00231}.Release|Any CPU.Build.0 = Release|Any CPU
		{5B49724A-78CC-432B-9B70-1EA0145C21B9}.Debug|Any CPU.ActiveCfg = Debug|Any CPU
		{5B49724A-78CC-432B-9B70-1EA0145C21B9}.Debug|Any CPU.Build.0 = Debug|Any CPU
		{5B49724A-78CC-432B-9B70-1EA0145C21B9}.Release|Any CPU.ActiveCfg = Release|Any CPU
		{5B49724A-78CC-432B-9B70-1EA0145C21B9}.Release|Any CPU.Build.0 = Release|Any CPU
		{38902DBE-8C66-4CC8-B30A-6523A04D6F72}.Debug|Any CPU.ActiveCfg = Debug|Any CPU
		{38902DBE-8C66-4CC8-B30A-6523A04D6F72}.Debug|Any CPU.Build.0 = Debug|Any CPU
		{38902DBE-8C66-4CC8-B30A-6523A04D6F72}.Release|Any CPU.ActiveCfg = Release|Any CPU
		{38902DBE-8C66-4CC8-B30A-6523A04D6F72}.Release|Any CPU.Build.0 = Release|Any CPU
		{04D75CC2-D1F7-4BE8-8E7D-74078F048457}.Debug|Any CPU.ActiveCfg = Debug|Any CPU
		{04D75CC2-D1F7-4BE8-8E7D-74078F048457}.Debug|Any CPU.Build.0 = Debug|Any CPU
		{04D75CC2-D1F7-4BE8-8E7D-74078F048457}.Release|Any CPU.ActiveCfg = Release|Any CPU
		{04D75CC2-D1F7-4BE8-8E7D-74078F048457}.Release|Any CPU.Build.0 = Release|Any CPU
	EndGlobalSection
	GlobalSection(SolutionProperties) = preSolution
		HideSolutionNode = FALSE
	EndGlobalSection
	GlobalSection(NestedProjects) = preSolution
		{A4108C38-F4D5-451C-8332-6DAB3FEB53AF} = {7F7990B5-8170-4121-8881-2D0255193B04}
		{998EEA3A-F857-459D-B513-9A7275F00231} = {7F7990B5-8170-4121-8881-2D0255193B04}
		{5B49724A-78CC-432B-9B70-1EA0145C21B9} = {1ECE283A-3E11-4A09-A002-D714B6A0EAFD}
		{38902DBE-8C66-4CC8-B30A-6523A04D6F72} = {1ECE283A-3E11-4A09-A002-D714B6A0EAFD}
	EndGlobalSection
	GlobalSection(ExtensibilityGlobals) = postSolution
		SolutionGuid = {4BB63487-6931-4348-BFB3-F3AD2416FDEB}
	EndGlobalSection
EndGlobal
